{
  "name": "@ldavidsp/json-to-txt",
  "version": "1.0.0",
  "lockfileVersion": 2,
  "requires": true,
  "packages": {
    "": {
      "name": "@ldavidsp/json-to-txt",
      "version": "1.0.0",
      "license": "ISC",
      "dependencies": {
        "fs-web": "^1.0.1"
      },
      "devDependencies": {
        "@types/node": "^17.0.25"
      }
    },
    "node_modules/@types/node": {
      "version": "17.0.25",
      "resolved": "https://registry.npmjs.org/@types/node/-/node-17.0.25.tgz",
      "integrity": "sha512-wANk6fBrUwdpY4isjWrKTufkrXdu1D2YHCot2fD/DfWxF5sMrVSA+KN7ydckvaTCh0HiqX9IVl0L5/ZoXg5M7w==",
      "dev": true
    },
    "node_modules/fs-web": {
      "version": "1.0.1",
      "resolved": "https://registry.npmjs.org/fs-web/-/fs-web-1.0.1.tgz",
      "integrity": "sha1-UxfnF6+U2xaH2oKkj8buT4CLEhs=",
      "dependencies": {
        "path": "git://github.com/component/path.git#7b4f23c38833a5232cd5e3d50ccb8cd13dbcd2f4"
      }
    },
    "node_modules/path": {
      "version": "1.0.0",
      "resolved": "git+ssh://git@github.com/component/path.git#7b4f23c38833a5232cd5e3d50ccb8cd13dbcd2f4",
      "integrity": "sha512-weCqFe+FoOstAysrn4Op/Ie201rkZecCASSgKTOY072Gf1FZGSetpv8PHGPEjXLQ5FrOSiu8LrU3CYe5cG+thQ=="
    }
  },
  "dependencies": {
    "@types/node": {
      "version": "17.0.25",
      "resolved": "https://registry.npmjs.org/@types/node/-/node-17.0.25.tgz",
      "integrity": "sha512-wANk6fBrUwdpY4isjWrKTufkrXdu1D2YHCot2fD/DfWxF5sMrVSA+KN7ydckvaTCh0HiqX9IVl0L5/ZoXg5M7w==",
      "dev": true
    },
    "fs-web": {
      "version": "1.0.1",
      "resolved": "https://registry.npmjs.org/fs-web/-/fs-web-1.0.1.tgz",
      "integrity": "sha1-UxfnF6+U2xaH2oKkj8buT4CLEhs=",
      "requires": {
        "path": "git://github.com/component/path.git#7b4f23c38833a5232cd5e3d50ccb8cd13dbcd2f4"
      }
    },
    "path": {
      "version": "git+ssh://git@github.com/component/path.git#7b4f23c38833a5232cd5e3d50ccb8cd13dbcd2f4",
      "integrity": "sha512-weCqFe+FoOstAysrn4Op/Ie201rkZecCASSgKTOY072Gf1FZGSetpv8PHGPEjXLQ5FrOSiu8LrU3CYe5cG+thQ==",
      "from": "path@git://github.com/component/path.git#7b4f23c38833a5232cd5e3d50ccb8cd13dbcd2f4"
    }
  }
}
